// !$*UTF8*$!
{
	archiveVersion = 1;
	classes = {
	};
	objectVersion = 50;
	objects = {

/* Begin PBXBuildFile section */
		5003207B21B6876E00CCD441 /* SWRevealViewController.m in Sources */ = {isa = PBXBuildFile; fileRef = 5003207921B685D400CCD441 /* SWRevealViewController.m */; };
		5003207D21B69BD000CCD441 /* UsersTableViewController.swift in Sources */ = {isa = PBXBuildFile; fileRef = 5003207C21B69BD000CCD441 /* UsersTableViewController.swift */; };
		5003207F21B6B12400CCD441 /* UserViewController.swift in Sources */ = {isa = PBXBuildFile; fileRef = 5003207E21B6B12400CCD441 /* UserViewController.swift */; };
		5003208121B6C4C900CCD441 /* CustomSelectorTableViewController.swift in Sources */ = {isa = PBXBuildFile; fileRef = 5003208021B6C4C900CCD441 /* CustomSelectorTableViewController.swift */; };
		500D4A0921D782B000A82B4F /* User.swift in Sources */ = {isa = PBXBuildFile; fileRef = 500D4A0821D782B000A82B4F /* User.swift */; };
		500D4A0D21D7A23F00A82B4F /* ApiManager.swift in Sources */ = {isa = PBXBuildFile; fileRef = 500D4A0C21D7A23F00A82B4F /* ApiManager.swift */; };
		500D4A0F21D7A35500A82B4F /* Constants.swift in Sources */ = {isa = PBXBuildFile; fileRef = 500D4A0E21D7A35500A82B4F /* Constants.swift */; };
		501294D721B58CFE0089A24F /* SideMenuTableViewController.swift in Sources */ = {isa = PBXBuildFile; fileRef = 501294D621B58CFE0089A24F /* SideMenuTableViewController.swift */; };
		501294DB21B58FE40089A24F /* GroupsTableViewController.swift in Sources */ = {isa = PBXBuildFile; fileRef = 501294DA21B58FE40089A24F /* GroupsTableViewController.swift */; };
		502DB8FE21F5D26900B0753E /* GroupViewController.swift in Sources */ = {isa = PBXBuildFile; fileRef = 502DB8FD21F5D26900B0753E /* GroupViewController.swift */; };
		502DB90321F5F42800B0753E /* AttributesTableViewController.swift in Sources */ = {isa = PBXBuildFile; fileRef = 502DB90221F5F42800B0753E /* AttributesTableViewController.swift */; };
		502DB90521F5F47E00B0753E /* Attribute.swift in Sources */ = {isa = PBXBuildFile; fileRef = 502DB90421F5F47E00B0753E /* Attribute.swift */; };
		502DB90721F5FD3200B0753E /* AttributeViewController.swift in Sources */ = {isa = PBXBuildFile; fileRef = 502DB90621F5FD3200B0753E /* AttributeViewController.swift */; };
		502DB90921F6428400B0753E /* attributePageViewController.swift in Sources */ = {isa = PBXBuildFile; fileRef = 502DB90821F6428400B0753E /* attributePageViewController.swift */; };
		507A75F521F0B89E006253E8 /* Group.swift in Sources */ = {isa = PBXBuildFile; fileRef = 507A75F421F0B89E006253E8 /* Group.swift */; };
		5094D8B021B17C64004A7F80 /* AppDelegate.swift in Sources */ = {isa = PBXBuildFile; fileRef = 5094D8AF21B17C64004A7F80 /* AppDelegate.swift */; };
		5094D8B221B17C64004A7F80 /* LoginViewController.swift in Sources */ = {isa = PBXBuildFile; fileRef = 5094D8B121B17C64004A7F80 /* LoginViewController.swift */; };
		5094D8B521B17C64004A7F80 /* Main.storyboard in Resources */ = {isa = PBXBuildFile; fileRef = 5094D8B321B17C64004A7F80 /* Main.storyboard */; };
		5094D8B721B17C65004A7F80 /* Assets.xcassets in Resources */ = {isa = PBXBuildFile; fileRef = 5094D8B621B17C65004A7F80 /* Assets.xcassets */; };
		5094D8BA21B17C65004A7F80 /* LaunchScreen.storyboard in Resources */ = {isa = PBXBuildFile; fileRef = 5094D8B821B17C65004A7F80 /* LaunchScreen.storyboard */; };
		5094D8C521B17C65004A7F80 /* formsTests.swift in Sources */ = {isa = PBXBuildFile; fileRef = 5094D8C421B17C65004A7F80 /* formsTests.swift */; };
		5094D8D021B17C65004A7F80 /* formsUITests.swift in Sources */ = {isa = PBXBuildFile; fileRef = 5094D8CF21B17C65004A7F80 /* formsUITests.swift */; };
		5094D8E321B18B36004A7F80 /* ProfileViewController.swift in Sources */ = {isa = PBXBuildFile; fileRef = 5094D8E221B18B36004A7F80 /* ProfileViewController.swift */; };
		50AE47AB21EF28950078FCEA /* Helpers.swift in Sources */ = {isa = PBXBuildFile; fileRef = 50AE47AA21EF28950078FCEA /* Helpers.swift */; };
		ACAA9F4184D4B75100D4BD8D /* Pods_forms.framework in Frameworks */ = {isa = PBXBuildFile; fileRef = C701B4102735C773F625C897 /* Pods_forms.framework */; };
		EB28226A21D7EC5500A77859 /* UserViewCell.swift in Sources */ = {isa = PBXBuildFile; fileRef = EB28226921D7EC5500A77859 /* UserViewCell.swift */; };
/* End PBXBuildFile section */

/* Begin PBXContainerItemProxy section */
		5094D8C121B17C65004A7F80 /* PBXContainerItemProxy */ = {
			isa = PBXContainerItemProxy;
			containerPortal = 5094D8A421B17C63004A7F80 /* Project object */;
			proxyType = 1;
			remoteGlobalIDString = 5094D8AB21B17C63004A7F80;
			remoteInfo = forms;
		};
		5094D8CC21B17C65004A7F80 /* PBXContainerItemProxy */ = {
			isa = PBXContainerItemProxy;
			containerPortal = 5094D8A421B17C63004A7F80 /* Project object */;
			proxyType = 1;
			remoteGlobalIDString = 5094D8AB21B17C63004A7F80;
			remoteInfo = forms;
		};
/* End PBXContainerItemProxy section */

/* Begin PBXFileReference section */
		1ECF0DEF644BC54C224010CA /* Pods-forms.release.xcconfig */ = {isa = PBXFileReference; includeInIndex = 1; lastKnownFileType = text.xcconfig; name = "Pods-forms.release.xcconfig"; path = "Target Support Files/Pods-forms/Pods-forms.release.xcconfig"; sourceTree = "<group>"; };
		47CA9D9A512F93E10A89C60A /* Pods-forms.debug.xcconfig */ = {isa = PBXFileReference; includeInIndex = 1; lastKnownFileType = text.xcconfig; name = "Pods-forms.debug.xcconfig"; path = "Target Support Files/Pods-forms/Pods-forms.debug.xcconfig"; sourceTree = "<group>"; };
		5003207821B685D400CCD441 /* SWRevealViewController.h */ = {isa = PBXFileReference; lastKnownFileType = sourcecode.c.h; name = SWRevealViewController.h; path = "Side Menu/SWRevealViewController.h"; sourceTree = "<group>"; };
		5003207921B685D400CCD441 /* SWRevealViewController.m */ = {isa = PBXFileReference; lastKnownFileType = sourcecode.c.objc; name = SWRevealViewController.m; path = "Side Menu/SWRevealViewController.m"; sourceTree = "<group>"; };
		5003207C21B69BD000CCD441 /* UsersTableViewController.swift */ = {isa = PBXFileReference; lastKnownFileType = sourcecode.swift; path = UsersTableViewController.swift; sourceTree = "<group>"; };
		5003207E21B6B12400CCD441 /* UserViewController.swift */ = {isa = PBXFileReference; lastKnownFileType = sourcecode.swift; path = UserViewController.swift; sourceTree = "<group>"; };
		5003208021B6C4C900CCD441 /* CustomSelectorTableViewController.swift */ = {isa = PBXFileReference; lastKnownFileType = sourcecode.swift; path = CustomSelectorTableViewController.swift; sourceTree = "<group>"; };
		500D4A0821D782B000A82B4F /* User.swift */ = {isa = PBXFileReference; lastKnownFileType = sourcecode.swift; path = User.swift; sourceTree = "<group>"; };
		500D4A0C21D7A23F00A82B4F /* ApiManager.swift */ = {isa = PBXFileReference; lastKnownFileType = sourcecode.swift; path = ApiManager.swift; sourceTree = "<group>"; };
		500D4A0E21D7A35500A82B4F /* Constants.swift */ = {isa = PBXFileReference; lastKnownFileType = sourcecode.swift; path = Constants.swift; sourceTree = "<group>"; };
		501294D621B58CFE0089A24F /* SideMenuTableViewController.swift */ = {isa = PBXFileReference; lastKnownFileType = sourcecode.swift; path = SideMenuTableViewController.swift; sourceTree = "<group>"; };
		501294DA21B58FE40089A24F /* GroupsTableViewController.swift */ = {isa = PBXFileReference; lastKnownFileType = sourcecode.swift; path = GroupsTableViewController.swift; sourceTree = "<group>"; };
		502DB8FD21F5D26900B0753E /* GroupViewController.swift */ = {isa = PBXFileReference; lastKnownFileType = sourcecode.swift; path = GroupViewController.swift; sourceTree = "<group>"; };
		502DB90221F5F42800B0753E /* AttributesTableViewController.swift */ = {isa = PBXFileReference; lastKnownFileType = sourcecode.swift; path = AttributesTableViewController.swift; sourceTree = "<group>"; };
		502DB90421F5F47E00B0753E /* Attribute.swift */ = {isa = PBXFileReference; lastKnownFileType = sourcecode.swift; path = Attribute.swift; sourceTree = "<group>"; };
		502DB90621F5FD3200B0753E /* AttributeViewController.swift */ = {isa = PBXFileReference; lastKnownFileType = sourcecode.swift; path = AttributeViewController.swift; sourceTree = "<group>"; };
		502DB90821F6428400B0753E /* attributePageViewController.swift */ = {isa = PBXFileReference; lastKnownFileType = sourcecode.swift; path = attributePageViewController.swift; sourceTree = "<group>"; };
		507A75F421F0B89E006253E8 /* Group.swift */ = {isa = PBXFileReference; lastKnownFileType = sourcecode.swift; path = Group.swift; sourceTree = "<group>"; };
		5094D8AC21B17C64004A7F80 /* forms.app */ = {isa = PBXFileReference; explicitFileType = wrapper.application; includeInIndex = 0; path = forms.app; sourceTree = BUILT_PRODUCTS_DIR; };
		5094D8AF21B17C64004A7F80 /* AppDelegate.swift */ = {isa = PBXFileReference; lastKnownFileType = sourcecode.swift; path = AppDelegate.swift; sourceTree = "<group>"; };
		5094D8B121B17C64004A7F80 /* LoginViewController.swift */ = {isa = PBXFileReference; lastKnownFileType = sourcecode.swift; path = LoginViewController.swift; sourceTree = "<group>"; };
		5094D8B421B17C64004A7F80 /* Base */ = {isa = PBXFileReference; lastKnownFileType = file.storyboard; name = Base; path = Base.lproj/Main.storyboard; sourceTree = "<group>"; };
		5094D8B621B17C65004A7F80 /* Assets.xcassets */ = {isa = PBXFileReference; lastKnownFileType = folder.assetcatalog; path = Assets.xcassets; sourceTree = "<group>"; };
		5094D8B921B17C65004A7F80 /* Base */ = {isa = PBXFileReference; lastKnownFileType = file.storyboard; name = Base; path = Base.lproj/LaunchScreen.storyboard; sourceTree = "<group>"; };
		5094D8BB21B17C65004A7F80 /* Info.plist */ = {isa = PBXFileReference; lastKnownFileType = text.plist.xml; path = Info.plist; sourceTree = "<group>"; };
		5094D8C021B17C65004A7F80 /* formsTests.xctest */ = {isa = PBXFileReference; explicitFileType = wrapper.cfbundle; includeInIndex = 0; path = formsTests.xctest; sourceTree = BUILT_PRODUCTS_DIR; };
		5094D8C421B17C65004A7F80 /* formsTests.swift */ = {isa = PBXFileReference; lastKnownFileType = sourcecode.swift; path = formsTests.swift; sourceTree = "<group>"; };
		5094D8C621B17C65004A7F80 /* Info.plist */ = {isa = PBXFileReference; lastKnownFileType = text.plist.xml; path = Info.plist; sourceTree = "<group>"; };
		5094D8CB21B17C65004A7F80 /* formsUITests.xctest */ = {isa = PBXFileReference; explicitFileType = wrapper.cfbundle; includeInIndex = 0; path = formsUITests.xctest; sourceTree = BUILT_PRODUCTS_DIR; };
		5094D8CF21B17C65004A7F80 /* formsUITests.swift */ = {isa = PBXFileReference; lastKnownFileType = sourcecode.swift; path = formsUITests.swift; sourceTree = "<group>"; };
		5094D8D121B17C65004A7F80 /* Info.plist */ = {isa = PBXFileReference; lastKnownFileType = text.plist.xml; path = Info.plist; sourceTree = "<group>"; };
		5094D8E221B18B36004A7F80 /* ProfileViewController.swift */ = {isa = PBXFileReference; lastKnownFileType = sourcecode.swift; path = ProfileViewController.swift; sourceTree = "<group>"; };
		50AE47AA21EF28950078FCEA /* Helpers.swift */ = {isa = PBXFileReference; lastKnownFileType = sourcecode.swift; path = Helpers.swift; sourceTree = "<group>"; };
		C701B4102735C773F625C897 /* Pods_forms.framework */ = {isa = PBXFileReference; explicitFileType = wrapper.framework; includeInIndex = 0; path = Pods_forms.framework; sourceTree = BUILT_PRODUCTS_DIR; };
		EB28226921D7EC5500A77859 /* UserViewCell.swift */ = {isa = PBXFileReference; lastKnownFileType = sourcecode.swift; path = UserViewCell.swift; sourceTree = "<group>"; };
/* End PBXFileReference section */

/* Begin PBXFrameworksBuildPhase section */
		5094D8A921B17C63004A7F80 /* Frameworks */ = {
			isa = PBXFrameworksBuildPhase;
			buildActionMask = 2147483647;
			files = (
				ACAA9F4184D4B75100D4BD8D /* Pods_forms.framework in Frameworks */,
			);
			runOnlyForDeploymentPostprocessing = 0;
		};
		5094D8BD21B17C65004A7F80 /* Frameworks */ = {
			isa = PBXFrameworksBuildPhase;
			buildActionMask = 2147483647;
			files = (
			);
			runOnlyForDeploymentPostprocessing = 0;
		};
		5094D8C821B17C65004A7F80 /* Frameworks */ = {
			isa = PBXFrameworksBuildPhase;
			buildActionMask = 2147483647;
			files = (
			);
			runOnlyForDeploymentPostprocessing = 0;
		};
/* End PBXFrameworksBuildPhase section */

/* Begin PBXGroup section */
		23E7521F94EFA8F30C9E0B89 /* Frameworks */ = {
			isa = PBXGroup;
			children = (
				C701B4102735C773F625C897 /* Pods_forms.framework */,
			);
			name = Frameworks;
			sourceTree = "<group>";
		};
		3F375E6BFF248B497B5FB730 /* Pods */ = {
			isa = PBXGroup;
			children = (
				47CA9D9A512F93E10A89C60A /* Pods-forms.debug.xcconfig */,
				1ECF0DEF644BC54C224010CA /* Pods-forms.release.xcconfig */,
			);
			path = Pods;
			sourceTree = "<group>";
		};
		5003207A21B6860D00CCD441 /* View Controllers */ = {
			isa = PBXGroup;
			children = (
				5094D8B121B17C64004A7F80 /* LoginViewController.swift */,
				501294D621B58CFE0089A24F /* SideMenuTableViewController.swift */,
				502DB8FF21F5F33B00B0753E /* User */,
				502DB90021F5F35F00B0753E /* Group */,
				502DB90121F5F3F500B0753E /* Attribute */,
				5003208021B6C4C900CCD441 /* CustomSelectorTableViewController.swift */,
				5094D8E221B18B36004A7F80 /* ProfileViewController.swift */,
			);
			path = "View Controllers";
			sourceTree = "<group>";
		};
		500D4A0A21D782B600A82B4F /* Model */ = {
			isa = PBXGroup;
			children = (
				500D4A0821D782B000A82B4F /* User.swift */,
				507A75F421F0B89E006253E8 /* Group.swift */,
				502DB90421F5F47E00B0753E /* Attribute.swift */,
			);
			path = Model;
			sourceTree = "<group>";
		};
		500D4A0B21D7A22E00A82B4F /* Manager */ = {
			isa = PBXGroup;
			children = (
				500D4A0C21D7A23F00A82B4F /* ApiManager.swift */,
				500D4A0E21D7A35500A82B4F /* Constants.swift */,
				50AE47AA21EF28950078FCEA /* Helpers.swift */,
			);
			path = Manager;
			sourceTree = "<group>";
		};
		502DB8FF21F5F33B00B0753E /* User */ = {
			isa = PBXGroup;
			children = (
				5003207C21B69BD000CCD441 /* UsersTableViewController.swift */,
				5003207E21B6B12400CCD441 /* UserViewController.swift */,
			);
			path = User;
			sourceTree = "<group>";
		};
		502DB90021F5F35F00B0753E /* Group */ = {
			isa = PBXGroup;
			children = (
				501294DA21B58FE40089A24F /* GroupsTableViewController.swift */,
				502DB8FD21F5D26900B0753E /* GroupViewController.swift */,
			);
			path = Group;
			sourceTree = "<group>";
		};
		502DB90121F5F3F500B0753E /* Attribute */ = {
			isa = PBXGroup;
			children = (
				502DB90221F5F42800B0753E /* AttributesTableViewController.swift */,
				502DB90621F5FD3200B0753E /* AttributeViewController.swift */,
				502DB90821F6428400B0753E /* attributePageViewController.swift */,
			);
			path = Attribute;
			sourceTree = "<group>";
		};
		5094D8A321B17C63004A7F80 = {
			isa = PBXGroup;
			children = (
				5094D8AE21B17C64004A7F80 /* forms */,
				5094D8C321B17C65004A7F80 /* formsTests */,
				5094D8CE21B17C65004A7F80 /* formsUITests */,
				5094D8AD21B17C64004A7F80 /* Products */,
				3F375E6BFF248B497B5FB730 /* Pods */,
				23E7521F94EFA8F30C9E0B89 /* Frameworks */,
			);
			sourceTree = "<group>";
		};
		5094D8AD21B17C64004A7F80 /* Products */ = {
			isa = PBXGroup;
			children = (
				5094D8AC21B17C64004A7F80 /* forms.app */,
				5094D8C021B17C65004A7F80 /* formsTests.xctest */,
				5094D8CB21B17C65004A7F80 /* formsUITests.xctest */,
			);
			name = Products;
			sourceTree = "<group>";
		};
		5094D8AE21B17C64004A7F80 /* forms */ = {
			isa = PBXGroup;
			children = (
				500D4A0B21D7A22E00A82B4F /* Manager */,
				5003207A21B6860D00CCD441 /* View Controllers */,
				500D4A0A21D782B600A82B4F /* Model */,
				EB28226821D7EC1400A77859 /* Views */,
				5094D8B321B17C64004A7F80 /* Main.storyboard */,
				5094D8AF21B17C64004A7F80 /* AppDelegate.swift */,
				5094D8B621B17C65004A7F80 /* Assets.xcassets */,
				5094D8B821B17C65004A7F80 /* LaunchScreen.storyboard */,
				5094D8BB21B17C65004A7F80 /* Info.plist */,
				5003207821B685D400CCD441 /* SWRevealViewController.h */,
				5003207921B685D400CCD441 /* SWRevealViewController.m */,
			);
			path = forms;
			sourceTree = "<group>";
		};
		5094D8C321B17C65004A7F80 /* formsTests */ = {
			isa = PBXGroup;
			children = (
				5094D8C421B17C65004A7F80 /* formsTests.swift */,
				5094D8C621B17C65004A7F80 /* Info.plist */,
			);
			path = formsTests;
			sourceTree = "<group>";
		};
		5094D8CE21B17C65004A7F80 /* formsUITests */ = {
			isa = PBXGroup;
			children = (
				5094D8CF21B17C65004A7F80 /* formsUITests.swift */,
				5094D8D121B17C65004A7F80 /* Info.plist */,
			);
			path = formsUITests;
			sourceTree = "<group>";
		};
		EB28226821D7EC1400A77859 /* Views */ = {
			isa = PBXGroup;
			children = (
				EB28226921D7EC5500A77859 /* UserViewCell.swift */,
			);
			path = Views;
			sourceTree = "<group>";
		};
/* End PBXGroup section */

/* Begin PBXNativeTarget section */
		5094D8AB21B17C63004A7F80 /* forms */ = {
			isa = PBXNativeTarget;
			buildConfigurationList = 5094D8D421B17C65004A7F80 /* Build configuration list for PBXNativeTarget "forms" */;
			buildPhases = (
				68402A07BE7A1A7872CEDB9D /* [CP] Check Pods Manifest.lock */,
				5094D8A821B17C63004A7F80 /* Sources */,
				5094D8A921B17C63004A7F80 /* Frameworks */,
				5094D8AA21B17C63004A7F80 /* Resources */,
				2CBAC4619B2044675FB2583A /* [CP] Embed Pods Frameworks */,
			);
			buildRules = (
			);
			dependencies = (
			);
			name = forms;
			productName = forms;
			productReference = 5094D8AC21B17C64004A7F80 /* forms.app */;
			productType = "com.apple.product-type.application";
		};
		5094D8BF21B17C65004A7F80 /* formsTests */ = {
			isa = PBXNativeTarget;
			buildConfigurationList = 5094D8D721B17C65004A7F80 /* Build configuration list for PBXNativeTarget "formsTests" */;
			buildPhases = (
				5094D8BC21B17C65004A7F80 /* Sources */,
				5094D8BD21B17C65004A7F80 /* Frameworks */,
				5094D8BE21B17C65004A7F80 /* Resources */,
			);
			buildRules = (
			);
			dependencies = (
				5094D8C221B17C65004A7F80 /* PBXTargetDependency */,
			);
			name = formsTests;
			productName = formsTests;
			productReference = 5094D8C021B17C65004A7F80 /* formsTests.xctest */;
			productType = "com.apple.product-type.bundle.unit-test";
		};
		5094D8CA21B17C65004A7F80 /* formsUITests */ = {
			isa = PBXNativeTarget;
			buildConfigurationList = 5094D8DA21B17C65004A7F80 /* Build configuration list for PBXNativeTarget "formsUITests" */;
			buildPhases = (
				5094D8C721B17C65004A7F80 /* Sources */,
				5094D8C821B17C65004A7F80 /* Frameworks */,
				5094D8C921B17C65004A7F80 /* Resources */,
			);
			buildRules = (
			);
			dependencies = (
				5094D8CD21B17C65004A7F80 /* PBXTargetDependency */,
			);
			name = formsUITests;
			productName = formsUITests;
			productReference = 5094D8CB21B17C65004A7F80 /* formsUITests.xctest */;
			productType = "com.apple.product-type.bundle.ui-testing";
		};
/* End PBXNativeTarget section */

/* Begin PBXProject section */
		5094D8A421B17C63004A7F80 /* Project object */ = {
			isa = PBXProject;
			attributes = {
				LastSwiftUpdateCheck = 1010;
				LastUpgradeCheck = 1010;
				ORGANIZATIONNAME = "Макс";
				TargetAttributes = {
					5094D8AB21B17C63004A7F80 = {
						CreatedOnToolsVersion = 10.1;
						LastSwiftMigration = 1010;
					};
					5094D8BF21B17C65004A7F80 = {
						CreatedOnToolsVersion = 10.1;
						TestTargetID = 5094D8AB21B17C63004A7F80;
					};
					5094D8CA21B17C65004A7F80 = {
						CreatedOnToolsVersion = 10.1;
						TestTargetID = 5094D8AB21B17C63004A7F80;
					};
				};
			};
			buildConfigurationList = 5094D8A721B17C63004A7F80 /* Build configuration list for PBXProject "forms" */;
			compatibilityVersion = "Xcode 9.3";
			developmentRegion = en;
			hasScannedForEncodings = 0;
			knownRegions = (
				en,
				Base,
			);
			mainGroup = 5094D8A321B17C63004A7F80;
			productRefGroup = 5094D8AD21B17C64004A7F80 /* Products */;
			projectDirPath = "";
			projectRoot = "";
			targets = (
				5094D8AB21B17C63004A7F80 /* forms */,
				5094D8BF21B17C65004A7F80 /* formsTests */,
				5094D8CA21B17C65004A7F80 /* formsUITests */,
			);
		};
/* End PBXProject section */

/* Begin PBXResourcesBuildPhase section */
		5094D8AA21B17C63004A7F80 /* Resources */ = {
			isa = PBXResourcesBuildPhase;
			buildActionMask = 2147483647;
			files = (
				5094D8BA21B17C65004A7F80 /* LaunchScreen.storyboard in Resources */,
				5094D8B721B17C65004A7F80 /* Assets.xcassets in Resources */,
				5094D8B521B17C64004A7F80 /* Main.storyboard in Resources */,
			);
			runOnlyForDeploymentPostprocessing = 0;
		};
		5094D8BE21B17C65004A7F80 /* Resources */ = {
			isa = PBXResourcesBuildPhase;
			buildActionMask = 2147483647;
			files = (
			);
			runOnlyForDeploymentPostprocessing = 0;
		};
		5094D8C921B17C65004A7F80 /* Resources */ = {
			isa = PBXResourcesBuildPhase;
			buildActionMask = 2147483647;
			files = (
			);
			runOnlyForDeploymentPostprocessing = 0;
		};
/* End PBXResourcesBuildPhase section */

/* Begin PBXShellScriptBuildPhase section */
		2CBAC4619B2044675FB2583A /* [CP] Embed Pods Frameworks */ = {
			isa = PBXShellScriptBuildPhase;
			buildActionMask = 2147483647;
			files = (
			);
			inputFileListPaths = (
			);
			inputPaths = (
				"${PODS_ROOT}/Target Support Files/Pods-forms/Pods-forms-frameworks.sh",
				"${BUILT_PRODUCTS_DIR}/Alamofire/Alamofire.framework",
				"${BUILT_PRODUCTS_DIR}/SwiftyJSON/SwiftyJSON.framework",
			);
			name = "[CP] Embed Pods Frameworks";
			outputFileListPaths = (
			);
			outputPaths = (
				"${TARGET_BUILD_DIR}/${FRAMEWORKS_FOLDER_PATH}/Alamofire.framework",
				"${TARGET_BUILD_DIR}/${FRAMEWORKS_FOLDER_PATH}/SwiftyJSON.framework",
			);
			runOnlyForDeploymentPostprocessing = 0;
			shellPath = /bin/sh;
			shellScript = "\"${PODS_ROOT}/Target Support Files/Pods-forms/Pods-forms-frameworks.sh\"\n";
			showEnvVarsInLog = 0;
		};
		68402A07BE7A1A7872CEDB9D /* [CP] Check Pods Manifest.lock */ = {
			isa = PBXShellScriptBuildPhase;
			buildActionMask = 2147483647;
			files = (
			);
			inputFileListPaths = (
			);
			inputPaths = (
				"${PODS_PODFILE_DIR_PATH}/Podfile.lock",
				"${PODS_ROOT}/Manifest.lock",
			);
			name = "[CP] Check Pods Manifest.lock";
			outputFileListPaths = (
			);
			outputPaths = (
				"$(DERIVED_FILE_DIR)/Pods-forms-checkManifestLockResult.txt",
			);
			runOnlyForDeploymentPostprocessing = 0;
			shellPath = /bin/sh;
			shellScript = "diff \"${PODS_PODFILE_DIR_PATH}/Podfile.lock\" \"${PODS_ROOT}/Manifest.lock\" > /dev/null\nif [ $? != 0 ] ; then\n    # print error to STDERR\n    echo \"error: The sandbox is not in sync with the Podfile.lock. Run 'pod install' or update your CocoaPods installation.\" >&2\n    exit 1\nfi\n# This output is used by Xcode 'outputs' to avoid re-running this script phase.\necho \"SUCCESS\" > \"${SCRIPT_OUTPUT_FILE_0}\"\n";
			showEnvVarsInLog = 0;
		};
/* End PBXShellScriptBuildPhase section */

/* Begin PBXSourcesBuildPhase section */
		5094D8A821B17C63004A7F80 /* Sources */ = {
			isa = PBXSourcesBuildPhase;
			buildActionMask = 2147483647;
			files = (
				502DB8FE21F5D26900B0753E /* GroupViewController.swift in Sources */,
				5003207B21B6876E00CCD441 /* SWRevealViewController.m in Sources */,
				50AE47AB21EF28950078FCEA /* Helpers.swift in Sources */,
				501294DB21B58FE40089A24F /* GroupsTableViewController.swift in Sources */,
				507A75F521F0B89E006253E8 /* Group.swift in Sources */,
				5003207D21B69BD000CCD441 /* UsersTableViewController.swift in Sources */,
				5094D8B221B17C64004A7F80 /* LoginViewController.swift in Sources */,
				5094D8B021B17C64004A7F80 /* AppDelegate.swift in Sources */,
				502DB90921F6428400B0753E /* attributePageViewController.swift in Sources */,
				5003207F21B6B12400CCD441 /* UserViewController.swift in Sources */,
				500D4A0D21D7A23F00A82B4F /* ApiManager.swift in Sources */,
				EB28226A21D7EC5500A77859 /* UserViewCell.swift in Sources */,
				5003208121B6C4C900CCD441 /* CustomSelectorTableViewController.swift in Sources */,
				502DB90521F5F47E00B0753E /* Attribute.swift in Sources */,
				5094D8E321B18B36004A7F80 /* ProfileViewController.swift in Sources */,
				500D4A0921D782B000A82B4F /* User.swift in Sources */,
				502DB90721F5FD3200B0753E /* AttributeViewController.swift in Sources */,
				502DB90321F5F42800B0753E /* AttributesTableViewController.swift in Sources */,
				501294D721B58CFE0089A24F /* SideMenuTableViewController.swift in Sources */,
				500D4A0F21D7A35500A82B4F /* Constants.swift in Sources */,
			);
			runOnlyForDeploymentPostprocessing = 0;
		};
		5094D8BC21B17C65004A7F80 /* Sources */ = {
			isa = PBXSourcesBuildPhase;
			buildActionMask = 2147483647;
			files = (
				5094D8C521B17C65004A7F80 /* formsTests.swift in Sources */,
			);
			runOnlyForDeploymentPostprocessing = 0;
		};
		5094D8C721B17C65004A7F80 /* Sources */ = {
			isa = PBXSourcesBuildPhase;
			buildActionMask = 2147483647;
			files = (
				5094D8D021B17C65004A7F80 /* formsUITests.swift in Sources */,
			);
			runOnlyForDeploymentPostprocessing = 0;
		};
/* End PBXSourcesBuildPhase section */

/* Begin PBXTargetDependency section */
		5094D8C221B17C65004A7F80 /* PBXTargetDependency */ = {
			isa = PBXTargetDependency;
			target = 5094D8AB21B17C63004A7F80 /* forms */;
			targetProxy = 5094D8C121B17C65004A7F80 /* PBXContainerItemProxy */;
		};
		5094D8CD21B17C65004A7F80 /* PBXTargetDependency */ = {
			isa = PBXTargetDependency;
			target = 5094D8AB21B17C63004A7F80 /* forms */;
			targetProxy = 5094D8CC21B17C65004A7F80 /* PBXContainerItemProxy */;
		};
/* End PBXTargetDependency section */

/* Begin PBXVariantGroup section */
		5094D8B321B17C64004A7F80 /* Main.storyboard */ = {
			isa = PBXVariantGroup;
			children = (
				5094D8B421B17C64004A7F80 /* Base */,
			);
			name = Main.storyboard;
			sourceTree = "<group>";
		};
		5094D8B821B17C65004A7F80 /* LaunchScreen.storyboard */ = {
			isa = PBXVariantGroup;
			children = (
				5094D8B921B17C65004A7F80 /* Base */,
			);
			name = LaunchScreen.storyboard;
			sourceTree = "<group>";
		};
/* End PBXVariantGroup section */

/* Begin XCBuildConfiguration section */
		5094D8D221B17C65004A7F80 /* Debug */ = {
			isa = XCBuildConfiguration;
			buildSettings = {
				ALWAYS_SEARCH_USER_PATHS = NO;
				CLANG_ANALYZER_NONNULL = YES;
				CLANG_ANALYZER_NUMBER_OBJECT_CONVERSION = YES_AGGRESSIVE;
				CLANG_CXX_LANGUAGE_STANDARD = "gnu++14";
				CLANG_CXX_LIBRARY = "libc++";
				CLANG_ENABLE_MODULES = YES;
				CLANG_ENABLE_OBJC_ARC = YES;
				CLANG_ENABLE_OBJC_WEAK = YES;
				CLANG_WARN_BLOCK_CAPTURE_AUTORELEASING = YES;
				CLANG_WARN_BOOL_CONVERSION = YES;
				CLANG_WARN_COMMA = YES;
				CLANG_WARN_CONSTANT_CONVERSION = YES;
				CLANG_WARN_DEPRECATED_OBJC_IMPLEMENTATIONS = YES;
				CLANG_WARN_DIRECT_OBJC_ISA_USAGE = YES_ERROR;
				CLANG_WARN_DOCUMENTATION_COMMENTS = YES;
				CLANG_WARN_EMPTY_BODY = YES;
				CLANG_WARN_ENUM_CONVERSION = YES;
				CLANG_WARN_INFINITE_RECURSION = YES;
				CLANG_WARN_INT_CONVERSION = YES;
				CLANG_WARN_NON_LITERAL_NULL_CONVERSION = YES;
				CLANG_WARN_OBJC_IMPLICIT_RETAIN_SELF = YES;
				CLANG_WARN_OBJC_LITERAL_CONVERSION = YES;
				CLANG_WARN_OBJC_ROOT_CLASS = YES_ERROR;
				CLANG_WARN_RANGE_LOOP_ANALYSIS = YES;
				CLANG_WARN_STRICT_PROTOTYPES = YES;
				CLANG_WARN_SUSPICIOUS_MOVE = YES;
				CLANG_WARN_UNGUARDED_AVAILABILITY = YES_AGGRESSIVE;
				CLANG_WARN_UNREACHABLE_CODE = YES;
				CLANG_WARN__DUPLICATE_METHOD_MATCH = YES;
				CODE_SIGN_IDENTITY = "iPhone Developer";
				COPY_PHASE_STRIP = NO;
				DEBUG_INFORMATION_FORMAT = dwarf;
				ENABLE_STRICT_OBJC_MSGSEND = YES;
				ENABLE_TESTABILITY = YES;
				GCC_C_LANGUAGE_STANDARD = gnu11;
				GCC_DYNAMIC_NO_PIC = NO;
				GCC_NO_COMMON_BLOCKS = YES;
				GCC_OPTIMIZATION_LEVEL = 0;
				GCC_PREPROCESSOR_DEFINITIONS = (
					"DEBUG=1",
					"$(inherited)",
				);
				GCC_WARN_64_TO_32_BIT_CONVERSION = YES;
				GCC_WARN_ABOUT_RETURN_TYPE = YES_ERROR;
				GCC_WARN_UNDECLARED_SELECTOR = YES;
				GCC_WARN_UNINITIALIZED_AUTOS = YES_AGGRESSIVE;
				GCC_WARN_UNUSED_FUNCTION = YES;
				GCC_WARN_UNUSED_VARIABLE = YES;
				IPHONEOS_DEPLOYMENT_TARGET = 12.1;
				MTL_ENABLE_DEBUG_INFO = INCLUDE_SOURCE;
				MTL_FAST_MATH = YES;
				ONLY_ACTIVE_ARCH = YES;
				SDKROOT = iphoneos;
				SWIFT_ACTIVE_COMPILATION_CONDITIONS = DEBUG;
				SWIFT_OPTIMIZATION_LEVEL = "-Onone";
			};
			name = Debug;
		};
		5094D8D321B17C65004A7F80 /* Release */ = {
			isa = XCBuildConfiguration;
			buildSettings = {
				ALWAYS_SEARCH_USER_PATHS = NO;
				CLANG_ANALYZER_NONNULL = YES;
				CLANG_ANALYZER_NUMBER_OBJECT_CONVERSION = YES_AGGRESSIVE;
				CLANG_CXX_LANGUAGE_STANDARD = "gnu++14";
				CLANG_CXX_LIBRARY = "libc++";
				CLANG_ENABLE_MODULES = YES;
				CLANG_ENABLE_OBJC_ARC = YES;
				CLANG_ENABLE_OBJC_WEAK = YES;
				CLANG_WARN_BLOCK_CAPTURE_AUTORELEASING = YES;
				CLANG_WARN_BOOL_CONVERSION = YES;
				CLANG_WARN_COMMA = YES;
				CLANG_WARN_CONSTANT_CONVERSION = YES;
				CLANG_WARN_DEPRECATED_OBJC_IMPLEMENTATIONS = YES;
				CLANG_WARN_DIRECT_OBJC_ISA_USAGE = YES_ERROR;
				CLANG_WARN_DOCUMENTATION_COMMENTS = YES;
				CLANG_WARN_EMPTY_BODY = YES;
				CLANG_WARN_ENUM_CONVERSION = YES;
				CLANG_WARN_INFINITE_RECURSION = YES;
				CLANG_WARN_INT_CONVERSION = YES;
				CLANG_WARN_NON_LITERAL_NULL_CONVERSION = YES;
				CLANG_WARN_OBJC_IMPLICIT_RETAIN_SELF = YES;
				CLANG_WARN_OBJC_LITERAL_CONVERSION = YES;
				CLANG_WARN_OBJC_ROOT_CLASS = YES_ERROR;
				CLANG_WARN_RANGE_LOOP_ANALYSIS = YES;
				CLANG_WARN_STRICT_PROTOTYPES = YES;
				CLANG_WARN_SUSPICIOUS_MOVE = YES;
				CLANG_WARN_UNGUARDED_AVAILABILITY = YES_AGGRESSIVE;
				CLANG_WARN_UNREACHABLE_CODE = YES;
				CLANG_WARN__DUPLICATE_METHOD_MATCH = YES;
				CODE_SIGN_IDENTITY = "iPhone Developer";
				COPY_PHASE_STRIP = NO;
				DEBUG_INFORMATION_FORMAT = "dwarf-with-dsym";
				ENABLE_NS_ASSERTIONS = NO;
				ENABLE_STRICT_OBJC_MSGSEND = YES;
				GCC_C_LANGUAGE_STANDARD = gnu11;
				GCC_NO_COMMON_BLOCKS = YES;
				GCC_WARN_64_TO_32_BIT_CONVERSION = YES;
				GCC_WARN_ABOUT_RETURN_TYPE = YES_ERROR;
				GCC_WARN_UNDECLARED_SELECTOR = YES;
				GCC_WARN_UNINITIALIZED_AUTOS = YES_AGGRESSIVE;
				GCC_WARN_UNUSED_FUNCTION = YES;
				GCC_WARN_UNUSED_VARIABLE = YES;
				IPHONEOS_DEPLOYMENT_TARGET = 12.1;
				MTL_ENABLE_DEBUG_INFO = NO;
				MTL_FAST_MATH = YES;
				SDKROOT = iphoneos;
				SWIFT_COMPILATION_MODE = wholemodule;
				SWIFT_OPTIMIZATION_LEVEL = "-O";
				VALIDATE_PRODUCT = YES;
			};
			name = Release;
		};
		5094D8D521B17C65004A7F80 /* Debug */ = {
			isa = XCBuildConfiguration;
			baseConfigurationReference = 47CA9D9A512F93E10A89C60A /* Pods-forms.debug.xcconfig */;
			buildSettings = {
				ASSETCATALOG_COMPILER_APPICON_NAME = AppIcon;
				CLANG_ENABLE_MODULES = YES;
				CODE_SIGN_STYLE = Automatic;
				DEVELOPMENT_TEAM = VJ72TG9L7C;
				INFOPLIST_FILE = forms/Info.plist;
				LD_RUNPATH_SEARCH_PATHS = (
					"$(inherited)",
					"@executable_path/Frameworks",
				);
				PRODUCT_BUNDLE_IDENTIFIER = app.forms;
				PRODUCT_NAME = "$(TARGET_NAME)";
				SWIFT_OBJC_BRIDGING_HEADER = "forms/forms-Bridging-Header.h";
				SWIFT_OPTIMIZATION_LEVEL = "-Onone";
				SWIFT_VERSION = 4.2;
				TARGETED_DEVICE_FAMILY = "1,2";
			};
			name = Debug;
		};
		5094D8D621B17C65004A7F80 /* Release */ = {
			isa = XCBuildConfiguration;
			baseConfigurationReference = 1ECF0DEF644BC54C224010CA /* Pods-forms.release.xcconfig */;
			buildSettings = {
				ASSETCATALOG_COMPILER_APPICON_NAME = AppIcon;
				CLANG_ENABLE_MODULES = YES;
				CODE_SIGN_STYLE = Automatic;
				DEVELOPMENT_TEAM = VJ72TG9L7C;
				INFOPLIST_FILE = forms/Info.plist;
				LD_RUNPATH_SEARCH_PATHS = (
					"$(inherited)",
					"@executable_path/Frameworks",
				);
				PRODUCT_BUNDLE_IDENTIFIER = app.forms;
				PRODUCT_NAME = "$(TARGET_NAME)";
				SWIFT_OBJC_BRIDGING_HEADER = "forms/forms-Bridging-Header.h";
				SWIFT_VERSION = 4.2;
				TARGETED_DEVICE_FAMILY = "1,2";
			};
			name = Release;
		};
		5094D8D821B17C65004A7F80 /* Debug */ = {
			isa = XCBuildConfiguration;
			buildSettings = {
				ALWAYS_EMBED_SWIFT_STANDARD_LIBRARIES = YES;
				BUNDLE_LOADER = "$(TEST_HOST)";
				CODE_SIGN_STYLE = Automatic;
				DEVELOPMENT_TEAM = VJ72TG9L7C;
				INFOPLIST_FILE = formsTests/Info.plist;
				LD_RUNPATH_SEARCH_PATHS = (
					"$(inherited)",
					"@executable_path/Frameworks",
					"@loader_path/Frameworks",
				);
				PRODUCT_BUNDLE_IDENTIFIER = app.formsTests;
				PRODUCT_NAME = "$(TARGET_NAME)";
				SWIFT_VERSION = 4.2;
				TARGETED_DEVICE_FAMILY = "1,2";
				TEST_HOST = "$(BUILT_PRODUCTS_DIR)/forms.app/forms";
			};
			name = Debug;
		};
		5094D8D921B17C65004A7F80 /* Release */ = {
			isa = XCBuildConfiguration;
			buildSettings = {
				ALWAYS_EMBED_SWIFT_STANDARD_LIBRARIES = YES;
				BUNDLE_LOADER = "$(TEST_HOST)";
				CODE_SIGN_STYLE = Automatic;
				DEVELOPMENT_TEAM = VJ72TG9L7C;
				INFOPLIST_FILE = formsTests/Info.plist;
				LD_RUNPATH_SEARCH_PATHS = (
					"$(inherited)",
					"@executable_path/Frameworks",
					"@loader_path/Frameworks",
				);
				PRODUCT_BUNDLE_IDENTIFIER = app.formsTests;
				PRODUCT_NAME = "$(TARGET_NAME)";
				SWIFT_VERSION = 4.2;
				TARGETED_DEVICE_FAMILY = "1,2";
				TEST_HOST = "$(BUILT_PRODUCTS_DIR)/forms.app/forms";
			};
			name = Release;
		};
		5094D8DB21B17C65004A7F80 /* Debug */ = {
			isa = XCBuildConfiguration;
			buildSettings = {
				ALWAYS_EMBED_SWIFT_STANDARD_LIBRARIES = YES;
				CODE_SIGN_STYLE = Automatic;
				DEVELOPMENT_TEAM = VJ72TG9L7C;
				INFOPLIST_FILE = formsUITests/Info.plist;
				LD_RUNPATH_SEARCH_PATHS = (
					"$(inherited)",
					"@executable_path/Frameworks",
					"@loader_path/Frameworks",
				);
				PRODUCT_BUNDLE_IDENTIFIER = app.formsUITests;
				PRODUCT_NAME = "$(TARGET_NAME)";
				SWIFT_VERSION = 4.2;
				TARGETED_DEVICE_FAMILY = "1,2";
				TEST_TARGET_NAME = forms;
			};
			name = Debug;
		};
		5094D8DC21B17C65004A7F80 /* Release */ = {
			isa = XCBuildConfiguration;
			buildSettings = {
				ALWAYS_EMBED_SWIFT_STANDARD_LIBRARIES = YES;
				CODE_SIGN_STYLE = Automatic;
				DEVELOPMENT_TEAM = VJ72TG9L7C;
				INFOPLIST_FILE = formsUITests/Info.plist;
				LD_RUNPATH_SEARCH_PATHS = (
					"$(inherited)",
					"@executable_path/Frameworks",
					"@loader_path/Frameworks",
				);
				PRODUCT_BUNDLE_IDENTIFIER = app.formsUITests;
				PRODUCT_NAME = "$(TARGET_NAME)";
				SWIFT_VERSION = 4.2;
				TARGETED_DEVICE_FAMILY = "1,2";
				TEST_TARGET_NAME = forms;
			};
			name = Release;
		};
/* End XCBuildConfiguration section */

/* Begin XCConfigurationList section */
		5094D8A721B17C63004A7F80 /* Build configuration list for PBXProject "forms" */ = {
			isa = XCConfigurationList;
			buildConfigurations = (
				5094D8D221B17C65004A7F80 /* Debug */,
				5094D8D321B17C65004A7F80 /* Release */,
			);
			defaultConfigurationIsVisible = 0;
			defaultConfigurationName = Release;
		};
		5094D8D421B17C65004A7F80 /* Build configuration list for PBXNativeTarget "forms" */ = {
			isa = XCConfigurationList;
			buildConfigurations = (
				5094D8D521B17C65004A7F80 /* Debug */,
				5094D8D621B17C65004A7F80 /* Release */,
			);
			defaultConfigurationIsVisible = 0;
			defaultConfigurationName = Release;
		};
		5094D8D721B17C65004A7F80 /* Build configuration list for PBXNativeTarget "formsTests" */ = {
			isa = XCConfigurationList;
			buildConfigurations = (
				5094D8D821B17C65004A7F80 /* Debug */,
				5094D8D921B17C65004A7F80 /* Release */,
			);
			defaultConfigurationIsVisible = 0;
			defaultConfigurationName = Release;
		};
		5094D8DA21B17C65004A7F80 /* Build configuration list for PBXNativeTarget "formsUITests" */ = {
			isa = XCConfigurationList;
			buildConfigurations = (
				5094D8DB21B17C65004A7F80 /* Debug */,
				5094D8DC21B17C65004A7F80 /* Release */,
			);
			defaultConfigurationIsVisible = 0;
			defaultConfigurationName = Release;
		};
/* End XCConfigurationList section */
	};
	rootObject = 5094D8A421B17C63004A7F80 /* Project object */;
}
